{"version":4,"terraform_version":"1.10.7","serial":9,"lineage":"3a11bee9-b41b-769c-bcc8-a7e8948f7472","outputs":{},"resources":[{"mode":"data","type":"authentik_certificate_key_pair","name":"default","provider":"provider[\"registry.opentofu.org/goauthentik/authentik\"]","instances":[{"schema_version":0,"attributes":{"certificate_data":"-----BEGIN CERTIFICATE-----\nMIIFVDCCAzygAwIBAgIRALZUpX4vw0WRmN4oSuDDWEEwDQYJKoZIhvcNAQELBQAw\nHjEcMBoGA1UEAwwTYXV0aGVudGlrIDIwMjUuMTIuMzAeFw0yNjAyMTAxNjM0NDha\nFw0yNzAyMTExNjM0NDhaMFYxKjAoBgNVBAMMIWF1dGhlbnRpayBTZWxmLXNpZ25l\nZCBDZXJ0aWZpY2F0ZTESMBAGA1UECgwJYXV0aGVudGlrMRQwEgYDVQQLDAtTZWxm\nLXNpZ25lZDCCAiIwDQYJKoZIhvcNAQEBBQADggIPADCCAgoCggIBAKUB8jmhjUqd\noVofHzRiVel1vJc96lotwvio9Bl2NFTVOs3eOJhwwPLUb3rOpI32eJHHjmbM6Nkn\n+fQfJ1/vYiFqqacU2hQqKC31FKTsXcL44JvYbJKiDfHhwQeXtuLDmL/v8j0A2pHM\n0YY9HMfiE4k3luDL0BzSzpbdv2bA1EXix1Ge4aUWAArl2Glw/YayX3+PPS50499q\nhU+xCax91RMZpvZ9O7cWGMYsBrKE8s6ErIbmOguPA93C68itBVgeRt3GRA3gd6sY\nm8SbM6NuKrSyiSRMa5c/QzBUe+VqwRfbY2wCwtSqAxF6C+jbxhJW5jY4MR8ScNBj\nmYptBJZgtl+kgfvGMW2s9xxGkwvaLh6xzaO6Fbn8nixRHRGm6ifX4dYdB/BJUH8/\niHOvJNMPuqxTHQiCaMl+K16f97k2ew9dJia+Ghawvh8l4YL/x2cs5E7i9UJFaxdk\nkumk8X2EGJsg82p2qRhm0GAQw+DLo475567WYwJxDgzKccSwWrtJ9EJVtrooGBNT\nsGrrEykWiVixLZ8qQ3vHoIyDcatHq2wtYmR8dqEgjEkcId0nPqNLXhg2Tr6hi2oq\nH6miS+LKv0zF2grGVh+qM3TWG7Z26sNDYzEOfQzTrUmf0cgoCoiRoAPdnK5mmRCC\n/F/TQkgojMbhu6Fkb9QMGLXvUH3uI8NpAgMBAAGjVTBTMFEGA1UdEQEB/wRHMEWC\nQ2pBdG5DV2dUSFdkNExpd2c2OFNVUkt3SFQwdWFieUpTbDU0Qk5hcU0uc2VsZi1z\naWduZWQuZ29hdXRoZW50aWsuaW8wDQYJKoZIhvcNAQELBQADggIBAFUzxSPis4U8\nI8wrFqq021n29Q6Y3B4gqr8wvG4e6sIEgighkAFZ4lFfoWVp6SfedvrUbecUUEPy\ny4foUUJl18sNRVP8Ly49o3lt1mK1Nmieh2CnA5mNBvDg78KDt2rXbPcg/kP4Z969\ndqh9mawT0mL0UeKKUpBz/joOLqVBVm6ZwgtC4gdZKjHlyPX+7Gku6axVRc1HD21S\nk1J5G5g+8GmoFM2RuTLUmDQSeVi28VFhK8WCIslG8Vuve+lqfEM+a6+RnoJuB9XE\nMNLW+knIN3RlBDJmDxywDBGXawh1L4xa1mrzIc8KYo7FU+Q6sNu7c2jeBjf7qGZW\nGQ7hKuneQd2Fd5PfpbQfhrbJGJEAeLvl66EkjAxeuVjsMHNx1ud0H/3Yu8ZaLPDz\nqA1p/oHdUx6+2+pGQnH2pOe9yEKVrOmb/mIouSH64o5dgleejYrN76a/6cFusKGq\ncMYdmtSuu2SIlJoyx+YaFZZAtN5z6NWMj7Myzj+W4SZArkGFK7sfedAyulKPJHvx\n35uTY12BBiWGflehsksDcy1rrnbNcClhS/3hQWcFa28hPomUpI5PG+eeaNn8opiz\nPMtEQHbXYTJkpFmaXWjM/JqXKnTYCDCERJgoBc1wOOCoCmJxQPcSKZmrDTbKyZMk\nKSZALU2gwlxSg86uu/rofbeHZAwo467W\n-----END CERTIFICATE-----\n\n","expiry":"2027-02-11 16:34:48 +0000 UTC","fetch_certificate":true,"fetch_key":true,"fingerprint1":"4e:ef:8d:27:69:4b:d4:60:6c:56:02:a3:97:3f:e5:a1:18:65:4d:a0","fingerprint256":"c6:8f:b6:43:07:5b:6f:41:47:b0:19:3b:8e:1c:9a:22:a9:97:38:76:fd:31:32:a5:9f:88:11:e6:b2:0a:a0:04","id":"c508707b-950e-49bc-bed3-643678592191","key_data":"-----BEGIN RSA PRIVATE KEY-----\nMIIJKQIBAAKCAgEApQHyOaGNSp2hWh8fNGJV6XW8lz3qWi3C+Kj0GXY0VNU6zd44\nmHDA8tRves6kjfZ4kceOZszo2Sf59B8nX+9iIWqppxTaFCooLfUUpOxdwvjgm9hs\nkqIN8eHBB5e24sOYv+/yPQDakczRhj0cx+ITiTeW4MvQHNLOlt2/ZsDUReLHUZ7h\npRYACuXYaXD9hrJff489LnTj32qFT7EJrH3VExmm9n07txYYxiwGsoTyzoSshuY6\nC48D3cLryK0FWB5G3cZEDeB3qxibxJszo24qtLKJJExrlz9DMFR75WrBF9tjbALC\n1KoDEXoL6NvGElbmNjgxHxJw0GOZim0ElmC2X6SB+8Yxbaz3HEaTC9ouHrHNo7oV\nufyeLFEdEabqJ9fh1h0H8ElQfz+Ic68k0w+6rFMdCIJoyX4rXp/3uTZ7D10mJr4a\nFrC+HyXhgv/HZyzkTuL1QkVrF2SS6aTxfYQYmyDzanapGGbQYBDD4MujjvnnrtZj\nAnEODMpxxLBau0n0QlW2uigYE1OwausTKRaJWLEtnypDe8egjINxq0erbC1iZHx2\noSCMSRwh3Sc+o0teGDZOvqGLaiofqaJL4sq/TMXaCsZWH6ozdNYbtnbqw0NjMQ59\nDNOtSZ/RyCgKiJGgA92crmaZEIL8X9NCSCiMxuG7oWRv1AwYte9Qfe4jw2kCAwEA\nAQKCAgABhGVQWNcrp2E3VX/BXkxubK31e7UBgRgLa8Lvef9XWVePUtqqh3zgBAqG\nB/Y0354yWZyfqYTUPFJyHMLiq643YvDuOkTwDbGCt1UU2B8w6VNoCMMkzQHQ+8j9\nKMyzxJB4EVIk8/Kj3QzUeGWLmUf3NBrlHxKfNTlU40iSKWCPnPBwDxnW3VSA79CV\nKvFge+2LXCCNTQysU6En/1d4rcvX/113jjq5P1DZKkih0GhKyacBctv3770dcfWe\nNH25q/Dts0KRwxgulffBWhuihiM1N/VcBKoyQOYSq3AxMZGsG7u2tPF1fZ5bb90X\nVhqkirEsBfO+VqUmvAe1IV/7AabOR1wF8VtyspUvIwsI6zkhOZciio9bowoaKqMj\nDqLX1zA75lmLdasMGsokWf8oAd1jxPAHtvTc+hNqj8AX7VDySaY7JwN9scew4r6C\nOlRGTVaUeqj0Zg4PrSZFKnoO6vIE1LjrhY4ocouX67nyYlWfiDAIxsyyQL9Ulyzm\nbj38HMhF12YSB5o7IXqH1hbPgH4xta64nOHU5za0G8sIBXDaHkFfwcPGpdJnoPmr\nNPoY9H8SKQLApBdhdizKfegp0dT/iuncUGYTpNylGID4Oa6ep9yipgcvDvKxxiEY\n0+EERaJ2qWAKpUFcr8yIdx3rSEYbewHJkSkBtio2HQyBO8Z/QQKCAQEA4V3cnVkb\nfHawH/Mla48bSFbdUL1wB6yWVNWkISMm/TEgOZj0zCRaPDb2IjlewujwY8mWbrVi\niY+akPnNzYxFWthYc8rky3dlvYkz2UGvNg6UY4aELxgp1jak4PbhQTaFDtP4tqQw\noJO6cFaGR4c2wt/jjqS1r7krfEc3B1a43SGYlwatc5necmu47OFqwhlf1RqVvti7\nH6PsQbXs0WA5LmR3RJxRi4fiq0vpayYUFhwokcgU5+cZp8LT89rB9DIzh8D6bE1r\nIb7K+B0byQAAAWbmUtWL19F5YxeyCzQLdZWonQgvxWVSXcRPQVMVF5/cqKBS0WWz\nyuooEKb6ST9aSQKCAQEAu2/BiJ8WGOcRq4+qj+EiDGC72XBHha0iilQ7YceCRlHK\n6u1YpnwlXY/zzwypJeJaHlsQOngzeEheWGxEPUOAAtzG7b11QkIWOgwQD2cuRNe3\nxqgJCBLSIqbDr+GE27XAFJCzkzF6C2WxkDKt13tjTkMcCNfx3SiNrkEYc2p1BInk\negH3rEZiCT2fWv6MGwBCjPE+MnoaPgPseysqawTB33N1tYUY6dstLI7tQ87zJYcM\nG4SCfnlZFqpL8zMcqZiEKX++EiQo7d6AYeD7DZJAxQfLJDxNRk9qomOCNWcnDRIy\nQM/2jjkK3cnQNtsZEa4twlJTzQixjAV5eSWEhDAgIQKCAQAudvOtXVnVZ4MYk0D7\n1B2D5KTsqKIYcvTruMCGNIEtYpuKRIb0L+qKz6oflER9Wxl0+XMSkEMoqXrsuRQ9\ndNY3zLMv7H0PliZb1ZXjDS/arVbazjkinJDDobCM0VnP4DW+wOVegquj79FYp/43\ncSFRPGfmWP88o6jbjrNByBeFQA/901qfovHCFYOjEza3nhOsFDcbigPKmjlzstaI\ntJYVgpE0jCYj5nhNaPFPLiKmDFgw9leZGISpmfmpJUkn19HYA2meOrgD1Rpz3UyF\nPILDxztliLG0ZXPpglErDifurlR9S9rNj/5TZs4QYdjPbh5IhgWNNrLC+1QXWtXv\nlChBAoIBAQCgPxV5Fnmv5K2IvZUW2WVgq7suVP3w3WqwVP9Hw2gvcnJHk4+9Flpj\nuVS6aZqbVv+xAC3Jr0ZhyY1Pj5BvyCvDRrmUO+vqL9IM4o9Ae/hkxwDJiJPgISci\nlOysi+QoayTC8Et2xlAPOmwqWgmiNk1adamcLfMMH0Wx+tlKo3NT5Ag//zqeQLZE\nLDj3dLSXyQscsIt6YEXbS0N8shTb1f9iaLXz8Myx8r6WX8Odu2rJZMIHLKzcMCbo\nZ8PzMnmIzWoAiMQZgmyzoQylodFBcw6I5PbaDewK9o62Mtj5iy0p0arBGosyYLZX\nk9i9bWfrY7yfa/9VRd91VKDb4CWBVhvBAoIBAQCoTuT4YKHEMMXGY83v70b7NHcR\ndBcq21iwxLGqis/dchiq0GbJW7Ja2duLn37D/mqEILIV6JnahrXVRllVPGvIv0tV\nCaS3nVOY+1z7lB6wHXX6zEg/qBzgFjxKiHzCkIakREokXKIFdgjm5y9bC9N58yZf\nWNgXzWLkmsUS9eYFi4Uojt9p1oK4FPc2dwv/WIC2esre1hWGza8JwO+zJ1qb8W6T\n6e6CsuCo0zTl0p+JOyCTPS2ti2EtEX/065XyADTVHv38bAcavKsa6g/oV9NR/Xn4\np53hdEd3uMoid46aDKMv8dEfFLRSdi0ib4gLjYCVie9lq0idZHpOusw5jHK+\n-----END RSA PRIVATE KEY-----\n\n","name":"authentik Self-signed Certificate","subject":"OU=Self-signed,O=authentik,CN=authentik Self-signed Certificate"},"sensitive_attributes":[]}]},{"mode":"data","type":"authentik_flow","name":"default-authorization-flow","provider":"provider[\"registry.opentofu.org/goauthentik/authentik\"]","instances":[{"schema_version":0,"attributes":{"authentication":"require_authenticated","designation":"authorization","id":"cbd7a01d-e040-4817-91cc-a4b951d93c1f","name":"Authorize Application","slug":"default-provider-authorization-implicit-consent","title":"Redirecting to %(app)s"},"sensitive_attributes":[]}]},{"mode":"data","type":"authentik_flow","name":"default-invalidation-flow","provider":"provider[\"registry.opentofu.org/goauthentik/authentik\"]","instances":[{"schema_version":0,"attributes":{"authentication":"none","designation":"invalidation","id":"4ac2d9f7-3fb0-42df-b435-5fb04e5520b1","name":"Logout","slug":"default-invalidation-flow","title":"Default Invalidation Flow"},"sensitive_attributes":[]}]},{"mode":"data","type":"authentik_flow","name":"default-user-settings-flow","provider":"provider[\"registry.opentofu.org/goauthentik/authentik\"]","instances":[{"schema_version":0,"attributes":{"authentication":"require_authenticated","designation":"stage_configuration","id":"a1d4b43e-2e28-4eec-8953-c501432b4982","name":"User settings","slug":"default-user-settings-flow","title":"Update your info"},"sensitive_attributes":[]}]},{"mode":"data","type":"authentik_group","name":"admins","provider":"provider[\"registry.opentofu.org/goauthentik/authentik\"]","instances":[{"schema_version":0,"attributes":{"attributes":"{}","id":"aff5debe-51e2-49b0-a732-3733a63dd0b4","include_users":true,"is_superuser":true,"name":"authentik Admins","num_pk":23389,"parent_name":null,"parents":[],"pk":"aff5debe-51e2-49b0-a732-3733a63dd0b4","users":[5,4],"users_obj":[{"attributes":"{}","email":"","is_active":true,"last_login":"","name":"netbird","pk":5,"uid":"d330cc531a42975e5669c767480c81266dd140efabcfb42cc80c601783fca20d","username":"netbird"},{"attributes":"{}","email":"andrew@housermail.com","is_active":true,"last_login":"2026-02-11T18:06:09.680133Z","name":"authentik Default Admin","pk":4,"uid":"9b2d2bed154cd8ac4abc8fed4fa379dc8ade3b0cb0e06ac7a6f55f852e3c21c5","username":"akadmin"}]},"sensitive_attributes":[]}]},{"mode":"data","type":"authentik_property_mapping_provider_scope","name":"scope_email","provider":"provider[\"registry.opentofu.org/goauthentik/authentik\"]","instances":[{"schema_version":0,"attributes":{"description":"Email address","expression":"return {\n    \"email\": request.user.email,\n    \"email_verified\": False\n}","id":"8403a31d-b500-4a66-aa3a-4251cd027447","ids":null,"managed":"goauthentik.io/providers/oauth2/scope-email","managed_list":null,"name":"authentik default OAuth Mapping: OpenID 'email'","scope_name":"email"},"sensitive_attributes":[]}]},{"mode":"data","type":"authentik_property_mapping_provider_scope","name":"scope_openid","provider":"provider[\"registry.opentofu.org/goauthentik/authentik\"]","instances":[{"schema_version":0,"attributes":{"description":"","expression":"# This scope is required by the OpenID-spec, and must as such exist in authentik.\n# The scope by itself does not grant any information\nreturn {}","id":"77136876-b333-48fb-afea-d47ae81e121e","ids":null,"managed":"goauthentik.io/providers/oauth2/scope-openid","managed_list":null,"name":"authentik default OAuth Mapping: OpenID 'openid'","scope_name":"openid"},"sensitive_attributes":[]}]},{"mode":"data","type":"authentik_property_mapping_provider_scope","name":"scope_profile","provider":"provider[\"registry.opentofu.org/goauthentik/authentik\"]","instances":[{"schema_version":0,"attributes":{"description":"General Profile Information","expression":"return {\n    # Because authentik only saves the user's full name, and has no concept of first and last names,\n    # the full name is used as given name.\n    # You can override this behaviour in custom mappings, i.e. `request.user.name.split(\" \")`\n    \"name\": request.user.name,\n    \"given_name\": request.user.name,\n    \"preferred_username\": request.user.username,\n    \"nickname\": request.user.username,\n    \"groups\": [group.name for group in request.user.ak_groups.all()],\n}","id":"feebea28-f86b-40e1-af40-6f3c15aa5a86","ids":null,"managed":"goauthentik.io/providers/oauth2/scope-profile","managed_list":null,"name":"authentik default OAuth Mapping: OpenID 'profile'","scope_name":"profile"},"sensitive_attributes":[]}]},{"mode":"data","type":"authentik_stage","name":"identification","provider":"provider[\"registry.opentofu.org/goauthentik/authentik\"]","instances":[{"schema_version":0,"attributes":{"id":"ad8362fe-8193-4b54-9960-e3194068b0c7","name":"default-authentication-identification"},"sensitive_attributes":[]}]},{"mode":"data","type":"authentik_stage","name":"login","provider":"provider[\"registry.opentofu.org/goauthentik/authentik\"]","instances":[{"schema_version":0,"attributes":{"id":"634fa2df-c4c7-4383-bb37-25c0af45cc75","name":"default-authentication-login"},"sensitive_attributes":[]}]},{"mode":"data","type":"authentik_stage","name":"mfa","provider":"provider[\"registry.opentofu.org/goauthentik/authentik\"]","instances":[{"schema_version":0,"attributes":{"id":"c8a184cc-5de0-445f-b025-52f1a3dbdb71","name":"default-authentication-mfa-validation"},"sensitive_attributes":[]}]},{"mode":"data","type":"authentik_stage","name":"password","provider":"provider[\"registry.opentofu.org/goauthentik/authentik\"]","instances":[{"schema_version":0,"attributes":{"id":"353ca32c-1c84-46d0-9042-99ab754d53ee","name":"default-authentication-password"},"sensitive_attributes":[]}]},{"mode":"managed","type":"authentik_application","name":"netbird","provider":"provider[\"registry.opentofu.org/goauthentik/authentik\"]","instances":[{"schema_version":0,"attributes":{"backchannel_providers":[],"group":"","id":"netbird","meta_description":"","meta_icon":"","meta_launch_url":"","meta_publisher":"","name":"Netbird","open_in_new_tab":false,"policy_engine_mode":"any","protocol_provider":1,"slug":"netbird","uuid":"93048e7d-2510-4cf5-9fea-96f2064bb085"},"sensitive_attributes":[],"private":"bnVsbA==","dependencies":["authentik_provider_oauth2.netbird","data.authentik_certificate_key_pair.default","data.authentik_flow.default-authorization-flow","data.authentik_flow.default-invalidation-flow","data.authentik_property_mapping_provider_scope.scope_email","data.authentik_property_mapping_provider_scope.scope_openid","data.authentik_property_mapping_provider_scope.scope_profile"]}]},{"mode":"managed","type":"authentik_brand","name":"hsrnet","provider":"provider[\"registry.opentofu.org/goauthentik/authentik\"]","instances":[{"schema_version":0,"attributes":{"attributes":"{\"settings\":{\"theme\":{\"base\":\"dark\"}}}","branding_custom_css":"body {\n      --ak-global--background-image: null !important;\n    }","branding_default_flow_background":"/static/dist/assets/images/flow_background.jpg","branding_favicon":"https://sso.hsr.wtf/media/hsrnet-ico.ico","branding_logo":"https://sso.hsr.wtf/media/hsrnet-logo.png","branding_title":"HsrNet Auth","client_certificates":[],"default":false,"default_application":"","domain":"hsr.wtf","flow_authentication":"d40550c1-0f93-42ff-89b8-87f7a6c69456","flow_device_code":"","flow_invalidation":"4ac2d9f7-3fb0-42df-b435-5fb04e5520b1","flow_recovery":"","flow_unenrollment":"","flow_user_settings":"a1d4b43e-2e28-4eec-8953-c501432b4982","id":"4ed3cd3e-a765-49ce-bd41-d4f0c5a8ce75","web_certificate":""},"sensitive_attributes":[],"private":"bnVsbA==","dependencies":["authentik_flow.welcome_flow","data.authentik_flow.default-invalidation-flow","data.authentik_flow.default-user-settings-flow"]}]},{"mode":"managed","type":"authentik_flow","name":"welcome_flow","provider":"provider[\"registry.opentofu.org/goauthentik/authentik\"]","instances":[{"schema_version":0,"attributes":{"authentication":"none","background":"/static/dist/assets/images/flow_background.jpg","compatibility_mode":true,"denied_action":"message_continue","designation":"authentication","id":"auth","layout":"stacked","name":"Welcome to hsrnet!","policy_engine_mode":"any","slug":"auth","title":"Welcome to hsrnet!","uuid":"d40550c1-0f93-42ff-89b8-87f7a6c69456"},"sensitive_attributes":[],"private":"bnVsbA=="}]},{"mode":"managed","type":"authentik_flow_stage_binding","name":"welcome_identification","provider":"provider[\"registry.opentofu.org/goauthentik/authentik\"]","instances":[{"schema_version":0,"attributes":{"evaluate_on_plan":true,"id":"38b94712-2f88-4b42-ae9b-952af66c7d38","invalid_response_action":"retry","order":10,"policy_engine_mode":"any","re_evaluate_policies":false,"stage":"ad8362fe-8193-4b54-9960-e3194068b0c7","target":"d40550c1-0f93-42ff-89b8-87f7a6c69456"},"sensitive_attributes":[],"private":"bnVsbA==","dependencies":["authentik_flow.welcome_flow","data.authentik_stage.identification"]}]},{"mode":"managed","type":"authentik_flow_stage_binding","name":"welcome_login","provider":"provider[\"registry.opentofu.org/goauthentik/authentik\"]","instances":[{"schema_version":0,"attributes":{"evaluate_on_plan":true,"id":"b0c9300b-8ff5-4dff-b8e4-a35595078759","invalid_response_action":"retry","order":100,"policy_engine_mode":"any","re_evaluate_policies":false,"stage":"634fa2df-c4c7-4383-bb37-25c0af45cc75","target":"d40550c1-0f93-42ff-89b8-87f7a6c69456"},"sensitive_attributes":[],"private":"bnVsbA==","dependencies":["authentik_flow.welcome_flow","data.authentik_stage.login"]}]},{"mode":"managed","type":"authentik_flow_stage_binding","name":"welcome_mfa","provider":"provider[\"registry.opentofu.org/goauthentik/authentik\"]","instances":[{"schema_version":0,"attributes":{"evaluate_on_plan":true,"id":"84463050-64bb-4c49-892a-425b53f34da7","invalid_response_action":"retry","order":30,"policy_engine_mode":"any","re_evaluate_policies":false,"stage":"c8a184cc-5de0-445f-b025-52f1a3dbdb71","target":"d40550c1-0f93-42ff-89b8-87f7a6c69456"},"sensitive_attributes":[],"private":"bnVsbA==","dependencies":["authentik_flow.welcome_flow","data.authentik_stage.mfa"]}]},{"mode":"managed","type":"authentik_flow_stage_binding","name":"welcome_password","provider":"provider[\"registry.opentofu.org/goauthentik/authentik\"]","instances":[{"schema_version":0,"attributes":{"evaluate_on_plan":true,"id":"aae7da33-cacc-4a56-b290-8f0bf6b94f96","invalid_response_action":"retry","order":20,"policy_engine_mode":"any","re_evaluate_policies":false,"stage":"353ca32c-1c84-46d0-9042-99ab754d53ee","target":"d40550c1-0f93-42ff-89b8-87f7a6c69456"},"sensitive_attributes":[],"private":"bnVsbA==","dependencies":["authentik_flow.welcome_flow","data.authentik_stage.password"]}]},{"mode":"managed","type":"authentik_group","name":"test_group","provider":"provider[\"registry.opentofu.org/goauthentik/authentik\"]","instances":[{"schema_version":0,"attributes":{"attributes":"{}","id":"c4e85535-c539-4571-b350-bf714edc92cf","is_superuser":false,"name":"Test Group","parents":[],"roles":[],"users":[6]},"sensitive_attributes":[],"private":"bnVsbA=="}]},{"mode":"managed","type":"authentik_provider_oauth2","name":"netbird","provider":"provider[\"registry.opentofu.org/goauthentik/authentik\"]","instances":[{"schema_version":0,"attributes":{"access_code_validity":"minutes=10","access_token_validity":"minutes=10","allowed_redirect_uris":[{"matching_mode":"strict","url":"http://localhost:53000"},{"matching_mode":"regex","url":"https://netbird.hsr.wtf/.*"},{"matching_mode":"strict","url":"https://netbird.hsr.wtf/auth"},{"matching_mode":"strict","url":"https://netbird.hsr.wtf/silent-auth"}],"authentication_flow":"","authorization_flow":"cbd7a01d-e040-4817-91cc-a4b951d93c1f","client_id":"netbird","client_secret":"netbird-secret-placeholder-replaced-by-authentik-if-left-empty-but-we-want-random","client_type":"public","encryption_key":"","id":"1","include_claims_in_id_token":true,"invalidation_flow":"4ac2d9f7-3fb0-42df-b435-5fb04e5520b1","issuer_mode":"per_provider","jwks_sources":null,"jwt_federation_providers":[],"jwt_federation_sources":[],"logout_method":"backchannel","logout_uri":"","name":"Netbird","property_mappings":["8403a31d-b500-4a66-aa3a-4251cd027447","77136876-b333-48fb-afea-d47ae81e121e","feebea28-f86b-40e1-af40-6f3c15aa5a86"],"refresh_token_threshold":"seconds=0","refresh_token_validity":"days=30","signing_key":"c508707b-950e-49bc-bed3-643678592191","sub_mode":"user_id"},"sensitive_attributes":[[{"type":"get_attr","value":"client_secret"}]],"private":"bnVsbA==","dependencies":["data.authentik_certificate_key_pair.default","data.authentik_flow.default-authorization-flow","data.authentik_flow.default-invalidation-flow","data.authentik_property_mapping_provider_scope.scope_email","data.authentik_property_mapping_provider_scope.scope_openid","data.authentik_property_mapping_provider_scope.scope_profile"]}]},{"mode":"managed","type":"authentik_token","name":"netbird_sa_token","provider":"provider[\"registry.opentofu.org/goauthentik/authentik\"]","instances":[{"schema_version":0,"attributes":{"description":"","expires":null,"expires_in":null,"expiring":false,"id":"netbird-api-token","identifier":"netbird-api-token","intent":"app_password","key":"pphiRmDkxH24EYZwEfdtgPQBuFSYi7U8AlrtxBc0f5j5mkrsWtlBTdqMP6YG","retrieve_key":true,"user":5},"sensitive_attributes":[[{"type":"get_attr","value":"key"}]],"private":"bnVsbA==","dependencies":["authentik_user.netbird_sa","data.authentik_group.admins"]}]},{"mode":"managed","type":"authentik_user","name":"netbird_sa","provider":"provider[\"registry.opentofu.org/goauthentik/authentik\"]","instances":[{"schema_version":0,"attributes":{"attributes":"{}","email":"","groups":["aff5debe-51e2-49b0-a732-3733a63dd0b4"],"id":"5","is_active":true,"name":"netbird","password":null,"path":"users","type":"service_account","username":"netbird"},"sensitive_attributes":[[{"type":"get_attr","value":"password"}]],"private":"bnVsbA==","dependencies":["data.authentik_group.admins"]}]},{"mode":"managed","type":"authentik_user","name":"test_user","provider":"provider[\"registry.opentofu.org/goauthentik/authentik\"]","instances":[{"schema_version":0,"attributes":{"attributes":"{}","email":"","groups":["c4e85535-c539-4571-b350-bf714edc92cf"],"id":"6","is_active":true,"name":"Test User","password":null,"path":"users","type":"internal","username":"test-user"},"sensitive_attributes":[[{"type":"get_attr","value":"password"}]],"private":"bnVsbA==","dependencies":["authentik_group.test_group"]}]},{"mode":"managed","type":"local_file","name":"netbird_setup_env","provider":"provider[\"registry.opentofu.org/hashicorp/local\"]","instances":[{"schema_version":0,"attributes":{"content":"# Management variables\nNETBIRD_AUTH_OIDC_CONFIGURATION_ENDPOINT=\"https://sso.hsr.wtf/application/o/netbird/.well-known/openid-configuration\"\nNETBIRD_USE_AUTH0=false\nNETBIRD_AUTH_CLIENT_ID=\"netbird\"\nNETBIRD_AUTH_SUPPORTED_SCOPES=\"openid profile email offline_access api\"\nNETBIRD_AUTH_AUDIENCE=\"netbird\"\nNETBIRD_AUTH_DEVICE_AUTH_CLIENT_ID=\"netbird\"\nNETBIRD_AUTH_DEVICE_AUTH_AUDIENCE=\"netbird\"\nNETBIRD_MGMT_IDP=\"authentik\"\nNETBIRD_IDP_MGMT_CLIENT_ID=\"netbird\"\nNETBIRD_IDP_MGMT_EXTRA_USERNAME=\"netbird\"\nNETBIRD_IDP_MGMT_EXTRA_PASSWORD=\"pphiRmDkxH24EYZwEfdtgPQBuFSYi7U8AlrtxBc0f5j5mkrsWtlBTdqMP6YG\"\nNETBIRD_AUTH_REDIRECT_URI=\"/auth\"\nNETBIRD_AUTH_SILENT_REDIRECT_URI=\"/silent-auth\"\nNETBIRD_AUTH_PKCE_DISABLE_PROMPT_LOGIN=true\n\n# Dashboard variables (standard OIDC params)\nAUTH_CLIENT_ID=\"netbird\"\nAUTH_AUTHORITY=\"https://sso.hsr.wtf/application/o/netbird/\"\nAUTH_AUDIENCE=\"netbird\"\n","content_base64":null,"content_base64sha256":"duNydGhwZvdgnFl0EESNR/fSwof+hOjRNShsq8zXuc0=","content_base64sha512":"YepcG7qtjnV6w/g9MNLCz/M1P+XLwL4auUeN3jPNSv0jZZvKroagb9Tn5t7V2QeEKf/GZ7mg4eC5LtRfgnLf9w==","content_md5":"cb943a97adf9a57bcac8f01df4759291","content_sha1":"6c8205e9054ce77a63fde86c4edb131d768f3698","content_sha256":"76e37274687066f7609c597410448d47f7d2c287fe84e8d135286cabccd7b9cd","content_sha512":"61ea5c1bbaad8e757ac3f83d30d2c2cff3353fe5cbc0be1ab9478dde33cd4afd23659bcaae86a06fd4e7e6ded5d9078429ffc667b9a0e1e0b92ed45f8272dff7","directory_permission":"0777","file_permission":"0600","filename":"/var/lib/netbird/setup.env","id":"6c8205e9054ce77a63fde86c4edb131d768f3698","sensitive_content":null,"source":null},"sensitive_attributes":[[{"type":"get_attr","value":"sensitive_content"}],[{"type":"get_attr","value":"content"}]],"dependencies":["authentik_provider_oauth2.netbird","authentik_token.netbird_sa_token","authentik_user.netbird_sa","data.authentik_certificate_key_pair.default","data.authentik_flow.default-authorization-flow","data.authentik_flow.default-invalidation-flow","data.authentik_group.admins","data.authentik_property_mapping_provider_scope.scope_email","data.authentik_property_mapping_provider_scope.scope_openid","data.authentik_property_mapping_provider_scope.scope_profile"]}]},{"mode":"managed","type":"null_resource","name":"fix_netbird_env_permissions","provider":"provider[\"registry.opentofu.org/hashicorp/null\"]","instances":[{"schema_version":0,"attributes":{"id":"4660252199327584800","triggers":{"file_content":"# Management variables\nNETBIRD_AUTH_OIDC_CONFIGURATION_ENDPOINT=\"https://sso.hsr.wtf/application/o/netbird/.well-known/openid-configuration\"\nNETBIRD_USE_AUTH0=false\nNETBIRD_AUTH_CLIENT_ID=\"netbird\"\nNETBIRD_AUTH_SUPPORTED_SCOPES=\"openid profile email offline_access api\"\nNETBIRD_AUTH_AUDIENCE=\"netbird\"\nNETBIRD_AUTH_DEVICE_AUTH_CLIENT_ID=\"netbird\"\nNETBIRD_AUTH_DEVICE_AUTH_AUDIENCE=\"netbird\"\nNETBIRD_MGMT_IDP=\"authentik\"\nNETBIRD_IDP_MGMT_CLIENT_ID=\"netbird\"\nNETBIRD_IDP_MGMT_EXTRA_USERNAME=\"netbird\"\nNETBIRD_IDP_MGMT_EXTRA_PASSWORD=\"pphiRmDkxH24EYZwEfdtgPQBuFSYi7U8AlrtxBc0f5j5mkrsWtlBTdqMP6YG\"\nNETBIRD_AUTH_REDIRECT_URI=\"/auth\"\nNETBIRD_AUTH_SILENT_REDIRECT_URI=\"/silent-auth\"\nNETBIRD_AUTH_PKCE_DISABLE_PROMPT_LOGIN=true\n\n# Dashboard variables (standard OIDC params)\nAUTH_CLIENT_ID=\"netbird\"\nAUTH_AUTHORITY=\"https://sso.hsr.wtf/application/o/netbird/\"\nAUTH_AUDIENCE=\"netbird\"\n"}},"sensitive_attributes":[[{"type":"get_attr","value":"triggers"},{"type":"index","value":{"value":"file_content","type":"string"}}]],"dependencies":["authentik_provider_oauth2.netbird","authentik_token.netbird_sa_token","authentik_user.netbird_sa","data.authentik_certificate_key_pair.default","data.authentik_flow.default-authorization-flow","data.authentik_flow.default-invalidation-flow","data.authentik_group.admins","data.authentik_property_mapping_provider_scope.scope_email","data.authentik_property_mapping_provider_scope.scope_openid","data.authentik_property_mapping_provider_scope.scope_profile","local_file.netbird_setup_env"]}]}],"check_results":null}
